
Microsoft Visual Studio Solution File, Format Version 12.00
# Visual Studio Version 16
VisualStudioVersion = 16.0.32802.440
MinimumVisualStudioVersion = 10.0.40219.1
Project("{8BC9CEB8-8B4A-11D0-8D11-00A0C91BC942}") = "ConsoleApplication1", "ConsoleApplication1\ConsoleApplication1.vcxproj", "{0E5575DF-2083-4B48-AC1D-417A3AA75A34}"
EndProject
Global
	GlobalSection(SolutionConfigurationPlatforms) = preSolution
		Debug|x64 = Debug|x64
		Debug|x86 = Debug|x86
		Release|x64 = Release|x64
		Release|x86 = Release|x86
	EndGlobalSection
	GlobalSection(ProjectConfigurationPlatforms) = postSolution
		{0E5575DF-2083-4B48-AC1D-417A3AA75A34}.Debug|x64.ActiveCfg = Debug|x64
		{0E5575DF-2083-4B48-AC1D-417A3AA75A34}.Debug|x64.Build.0 = Debug|x64
		{0E5575DF-2083-4B48-AC1D-417A3AA75A34}.Debug|x86.ActiveCfg = Debug|Win32
		{0E5575DF-2083-4B48-AC1D-417A3AA75A34}.Debug|x86.Build.0 = Debug|Win32
		{0E5575DF-2083-4B48-AC1D-417A3AA75A34}.Release|x64.ActiveCfg = Release|x64
		{0E5575DF-2083-4B48-AC1D-417A3AA75A34}.Release|x64.Build.0 = Release|x64
		{0E5575DF-2083-4B48-AC1D-417A3AA75A34}.Release|x86.ActiveCfg = Release|Win32
		{0E5575DF-2083-4B48-AC1D-417A3AA75A34}.Release|x86.Build.0 = Release|Win32
	EndGlobalSection
	GlobalSection(SolutionProperties) = preSolution
		HideSolutionNode = FALSE
	EndGlobalSection
	GlobalSection(ExtensibilityGlobals) = postSolution
		SolutionGuid = {0566E558-5CF5-4631-BA60-499993FD479F}
	EndGlobalSection
EndGlobal
